
Microsoft Visual Studio Solution File, Format Version 12.00
# Visual Studio Version 17
VisualStudioVersion = 17.0.31903.59
MinimumVisualStudioVersion = 10.0.40219.1
Project("{2150E333-8FDC-42A3-9474-1A3956D46DE8}") = "src", "src", "{8FE4248D-05FE-45C8-A0A1-AEEB75B26652}"
EndProject
Project("{2150E333-8FDC-42A3-9474-1A3956D46DE8}") = "Content", "Content", "{1AF9F424-B3AB-4BDA-814C-6EAEAB8AF7A7}"
EndProject
Project("{FAE04EC0-301F-11D3-BF4B-00C04F79EFBC}") = "Opus.Content", "src\Content\Opus.Content\Opus.Content.csproj", "{E98FB4C3-4248-41E2-BE6C-725F12C76AB3}"
EndProject
Project("{2150E333-8FDC-42A3-9474-1A3956D46DE8}") = "Engine", "Engine", "{30735996-7A8B-487F-96DA-DEDA3C53C974}"
EndProject
Project("{FAE04EC0-301F-11D3-BF4B-00C04F79EFBC}") = "Opus.Engine.Audio", "src\Engine\Opus.Engine.Audio\Opus.Engine.Audio.csproj", "{987C1A2D-AD2E-4749-8598-08E628596068}"
EndProject
Project("{FAE04EC0-301F-11D3-BF4B-00C04F79EFBC}") = "Opus.Engine.Audio.Tests", "src\Engine\Opus.Engine.Audio.Tests\Opus.Engine.Audio.Tests.csproj", "{24483573-0B6F-49D7-AAE8-1E3DFCA7DE76}"
EndProject
Project("{FAE04EC0-301F-11D3-BF4B-00C04F79EFBC}") = "Opus.Engine.FrameGraph", "src\Engine\Opus.Engine.FrameGraph\Opus.Engine.FrameGraph.csproj", "{1C6FC4FE-FF92-42E7-8D57-6D7358DFEEB0}"
EndProject
Project("{FAE04EC0-301F-11D3-BF4B-00C04F79EFBC}") = "Opus.Engine.Input", "src\Engine\Opus.Engine.Input\Opus.Engine.Input.csproj", "{D3E196F5-4C0B-4D09-B480-D74D37A34360}"
EndProject
Project("{FAE04EC0-301F-11D3-BF4B-00C04F79EFBC}") = "Opus.Engine.Input.Sdl3", "src\Engine\Opus.Engine.Input.Sdl3\Opus.Engine.Input.Sdl3.csproj", "{28CF175F-03A6-41D5-A081-5E9D0CA59104}"
EndProject
Project("{FAE04EC0-301F-11D3-BF4B-00C04F79EFBC}") = "Opus.Engine.Input.Sdl3.Tests", "src\Engine\Opus.Engine.Input.Sdl3.Tests\Opus.Engine.Input.Sdl3.Tests.csproj", "{9ABA832E-8D52-4622-8100-1F6F3BCE16DA}"
EndProject
Project("{FAE04EC0-301F-11D3-BF4B-00C04F79EFBC}") = "Opus.Engine.Pal", "src\Engine\Opus.Engine.Pal\Opus.Engine.Pal.csproj", "{7B77F5FB-5A4A-49FC-9D84-43A41F6705CC}"
EndProject
Project("{FAE04EC0-301F-11D3-BF4B-00C04F79EFBC}") = "Opus.Engine.Pal.Sdl3", "src\Engine\Opus.Engine.Pal.Sdl3\Opus.Engine.Pal.Sdl3.csproj", "{D0A65F82-E276-4673-BD3C-1755D6E2172E}"
EndProject
Project("{FAE04EC0-301F-11D3-BF4B-00C04F79EFBC}") = "Opus.Engine.Pal.Sdl3.Tests", "src\Engine\Opus.Engine.Pal.Sdl3.Tests\Opus.Engine.Pal.Sdl3.Tests.csproj", "{2E746719-72F5-4488-8EDA-8A62583E2278}"
EndProject
Project("{FAE04EC0-301F-11D3-BF4B-00C04F79EFBC}") = "Opus.Engine.Pal.Tests", "src\Engine\Opus.Engine.Pal.Tests\Opus.Engine.Pal.Tests.csproj", "{5D9794AD-2BF8-4C29-AEA2-6A7182F2055A}"
EndProject
Project("{FAE04EC0-301F-11D3-BF4B-00C04F79EFBC}") = "Opus.Engine.Pal.Windows", "src\Engine\Opus.Engine.Pal.Windows\Opus.Engine.Pal.Windows.csproj", "{9F6C55DE-8EEE-4036-87EF-F9D005F20395}"
EndProject
Project("{FAE04EC0-301F-11D3-BF4B-00C04F79EFBC}") = "Opus.Engine.Pal.Windows.Direct3D12", "src\Engine\Opus.Engine.Pal.Windows.Direct3D12\Opus.Engine.Pal.Windows.Direct3D12.csproj", "{65D81B43-3D64-4CB6-B24D-6CF1D208E2DF}"
EndProject
Project("{FAE04EC0-301F-11D3-BF4B-00C04F79EFBC}") = "Opus.Engine.Renderer", "src\Engine\Opus.Engine.Renderer\Opus.Engine.Renderer.csproj", "{617E6647-C6DE-476C-9340-B86AFAFD5ED7}"
EndProject
Project("{FAE04EC0-301F-11D3-BF4B-00C04F79EFBC}") = "Opus.Engine.Renderer.Direct3D12", "src\Engine\Opus.Engine.Renderer.Direct3D12\Opus.Engine.Renderer.Direct3D12.csproj", "{824A2BCD-9B8D-4544-BBB2-F767A2261FFF}"
EndProject
Project("{FAE04EC0-301F-11D3-BF4B-00C04F79EFBC}") = "Opus.Engine.Renderer.Tests", "src\Engine\Opus.Engine.Renderer.Tests\Opus.Engine.Renderer.Tests.csproj", "{381AC771-5709-4616-81F3-F5C66A2EB184}"
EndProject
Project("{FAE04EC0-301F-11D3-BF4B-00C04F79EFBC}") = "Opus.Engine.Runtime", "src\Engine\Opus.Engine.Runtime\Opus.Engine.Runtime.csproj", "{0427233E-B709-4176-8067-44740B6FDCD3}"
EndProject
Project("{FAE04EC0-301F-11D3-BF4B-00C04F79EFBC}") = "Opus.Engine.Runtime.Tests", "src\Engine\Opus.Engine.Runtime.Tests\Opus.Engine.Runtime.Tests.csproj", "{B70D3DD4-1092-4085-938B-F7B09532E8B7}"
EndProject
Project("{FAE04EC0-301F-11D3-BF4B-00C04F79EFBC}") = "Opus.Engine.Rhi", "src\Engine\Opus.Engine.Rhi\Opus.Engine.Rhi.csproj", "{3E4C1E84-5A5C-4639-812F-49A574A69AE6}"
EndProject
Project("{FAE04EC0-301F-11D3-BF4B-00C04F79EFBC}") = "Opus.Engine.Rhi.D3D12", "src\Engine\Opus.Engine.Rhi.D3D12\Opus.Engine.Rhi.D3D12.csproj", "{FBDC194F-3429-48B9-82B2-4A9094FAF7D8}"
EndProject
Project("{FAE04EC0-301F-11D3-BF4B-00C04F79EFBC}") = "Opus.Engine.Ui", "src\Engine\Opus.Engine.Ui\Opus.Engine.Ui.csproj", "{C6BCF88C-7A04-4695-9857-403BEEC4D5B2}"
EndProject
Project("{FAE04EC0-301F-11D3-BF4B-00C04F79EFBC}") = "Opus.Engine.Ui.Direct3D12", "src\Engine\Opus.Engine.Ui.Direct3D12\Opus.Engine.Ui.Direct3D12.csproj", "{1A6BF044-FF24-4D48-9F11-66C4ED2D3257}"
EndProject
Project("{2150E333-8FDC-42A3-9474-1A3956D46DE8}") = "Foundation", "Foundation", "{09041626-B817-4DAF-BA3D-E3DAAC5C1197}"
EndProject
Project("{FAE04EC0-301F-11D3-BF4B-00C04F79EFBC}") = "Opus.Foundation", "src\Foundation\Opus.Foundation\Opus.Foundation.csproj", "{C8C9100B-6830-43B3-BEE5-6F061BF856B1}"
EndProject
Project("{FAE04EC0-301F-11D3-BF4B-00C04F79EFBC}") = "Opus.Foundation.Tests", "src\Foundation\Opus.Foundation.Tests\Opus.Foundation.Tests.csproj", "{0AB91085-DC3D-4F66-BF55-60BA7BAE625A}"
EndProject
Project("{2150E333-8FDC-42A3-9474-1A3956D46DE8}") = "Localisation", "Localisation", "{E67387C3-0A3F-4D3C-A3E7-E03467226EE3}"
EndProject
Project("{FAE04EC0-301F-11D3-BF4B-00C04F79EFBC}") = "Opus.Localisation", "src\Localisation\Opus.Localisation\Opus.Localisation.csproj", "{E9EA861F-ECA1-4D98-A39B-43854FD45038}"
EndProject
Project("{FAE04EC0-301F-11D3-BF4B-00C04F79EFBC}") = "Opus.Localisation.Tests", "src\Localisation\Opus.Localisation.Tests\Opus.Localisation.Tests.csproj", "{B5C9D5F5-C593-42AD-BBCC-88A47DF84624}"
EndProject
Project("{2150E333-8FDC-42A3-9474-1A3956D46DE8}") = "Net", "Net", "{142EE103-837D-412F-97A8-4E7712EFE2BF}"
EndProject
Project("{FAE04EC0-301F-11D3-BF4B-00C04F79EFBC}") = "Opus.Net", "src\Net\Opus.Net\Opus.Net.csproj", "{B85CEAB2-1581-4BA1-ACD1-027107984B7A}"
EndProject
Project("{FAE04EC0-301F-11D3-BF4B-00C04F79EFBC}") = "Opus.Net.Tests", "src\Net\Opus.Net.Tests\Opus.Net.Tests.csproj", "{E174EF3E-5FA1-49F2-BC59-38B3A6CA003E}"
EndProject
Project("{FAE04EC0-301F-11D3-BF4B-00C04F79EFBC}") = "Opus.Net.Udp", "src\Net\Opus.Net.Udp\Opus.Net.Udp.csproj", "{986BB53E-9F01-4D42-91FB-542F50CCB5EA}"
EndProject
Project("{FAE04EC0-301F-11D3-BF4B-00C04F79EFBC}") = "Opus.Net.Udp.Tests", "src\Net\Opus.Net.Udp.Tests\Opus.Net.Udp.Tests.csproj", "{AA1FD78D-E03C-45FA-ADA8-9DA6EA505ABB}"
EndProject
Project("{2150E333-8FDC-42A3-9474-1A3956D46DE8}") = "Persistence", "Persistence", "{9FEECFF3-C3D6-487B-AF16-51AB8740AE50}"
EndProject
Project("{FAE04EC0-301F-11D3-BF4B-00C04F79EFBC}") = "Opus.Persistence", "src\Persistence\Opus.Persistence\Opus.Persistence.csproj", "{47279D03-F419-4955-A91B-0EAC0D2DF2C6}"
EndProject
Project("{FAE04EC0-301F-11D3-BF4B-00C04F79EFBC}") = "Opus.Persistence.Tests", "src\Persistence\Opus.Persistence.Tests\Opus.Persistence.Tests.csproj", "{C9AFFBA2-D30C-4E7E-997B-6DCA5F34B992}"
EndProject
Project("{FAE04EC0-301F-11D3-BF4B-00C04F79EFBC}") = "Opus.Engine.Ui.Direct3D12.Tests", "src\Engine\Opus.Engine.Ui.Direct3D12.Tests\Opus.Engine.Ui.Direct3D12.Tests.csproj", "{7F91D5CA-4FFA-449B-A9C7-48C4A06D1A54}"
EndProject
Project("{FAE04EC0-301F-11D3-BF4B-00C04F79EFBC}") = "Opus.Engine.Direct3D12.Tests", "src\Engine\Opus.Engine.Direct3D12.Tests\Opus.Engine.Direct3D12.Tests.csproj", "{75433B7A-600A-475E-8664-EFC2F8DAF70C}"
EndProject
Project("{FAE04EC0-301F-11D3-BF4B-00C04F79EFBC}") = "Opus.Content.Tests", "src\Content\Opus.Content.Tests\Opus.Content.Tests.csproj", "{F8470B71-B1ED-45D1-9401-C7349E5E429D}"
EndProject
Project("{FAE04EC0-301F-11D3-BF4B-00C04F79EFBC}") = "Opus.Engine.Host.Windows.Direct3D12", "src\Engine\Opus.Engine.Host.Windows.Direct3D12\Opus.Engine.Host.Windows.Direct3D12.csproj", "{A5530742-D7F2-44A8-8DA4-E3FDE9BCFD50}"
EndProject
Project("{FAE04EC0-301F-11D3-BF4B-00C04F79EFBC}") = "Opus.Engine.Host.Windows.Direct3D12.Tests", "src\Engine\Opus.Engine.Host.Windows.Direct3D12.Tests\Opus.Engine.Host.Windows.Direct3D12.Tests.csproj", "{F3CE2A82-D6F6-41EC-BD25-985D2D58C755}"
EndProject
Project("{2150E333-8FDC-42A3-9474-1A3956D46DE8}") = "Apps", "Apps", "{82814270-2370-4D30-B7A8-6EDAC7EACDD7}"
EndProject
Project("{FAE04EC0-301F-11D3-BF4B-00C04F79EFBC}") = "Opus.App.OpusAlpha", "src\Apps\Opus.App.OpusAlpha\Opus.App.OpusAlpha.csproj", "{0437829D-68EC-4E5E-9505-CC965A5F12B2}"
EndProject
Project("{FAE04EC0-301F-11D3-BF4B-00C04F79EFBC}") = "Opus.Content.Packaging", "src\Content\Opus.Content.Packaging\Opus.Content.Packaging.csproj", "{AA71633D-34DF-4F28-8B57-4C718EB78398}"
EndProject
Project("{FAE04EC0-301F-11D3-BF4B-00C04F79EFBC}") = "Opus.Content.Packaging.Tests", "src\Content\Opus.Content.Packaging.Tests\Opus.Content.Packaging.Tests.csproj", "{337D8C43-BC4F-48FA-9970-C6252D926DD9}"
EndProject
Project("{2150E333-8FDC-42A3-9474-1A3956D46DE8}") = "Tools", "Tools", "{0490588F-ECAC-472F-8E3E-51A84DFF7B8C}"
EndProject
Project("{FAE04EC0-301F-11D3-BF4B-00C04F79EFBC}") = "Opus.Tool.PackageValidator", "src\Tools\Opus.Tool.PackageValidator\Opus.Tool.PackageValidator.csproj", "{AA4EF4C8-FEF2-48DA-967A-CBDCC9F2A9B2}"
EndProject
Project("{FAE04EC0-301F-11D3-BF4B-00C04F79EFBC}") = "Opus.Tool.PackageValidator.Tests", "src\Tools\Opus.Tool.PackageValidator.Tests\Opus.Tool.PackageValidator.Tests.csproj", "{A9A7AF46-7BAE-4055-A234-25C69411AF69}"
EndProject
Project("{FAE04EC0-301F-11D3-BF4B-00C04F79EFBC}") = "Opus.Engine.Diagnostics", "src\Engine\Opus.Engine.Diagnostics\Opus.Engine.Diagnostics.csproj", "{AABB232A-97E8-4B3D-B998-2230947FECE2}"
EndProject
Project("{FAE04EC0-301F-11D3-BF4B-00C04F79EFBC}") = "Opus.Engine.Diagnostics.Tests", "src\Engine\Opus.Engine.Diagnostics.Tests\Opus.Engine.Diagnostics.Tests.csproj", "{581D12C1-A1A4-4B88-AAA5-25636FDB3723}"
EndProject
Project("{2150E333-8FDC-42A3-9474-1A3956D46DE8}") = "Engine", "Engine", "{E902B55E-CB5E-47C5-9ADC-48114EAB5911}"
EndProject
Project("{FAE04EC0-301F-11D3-BF4B-00C04F79EFBC}") = "Opus.Engine.Net", "src\Engine\Opus.Engine.Net\Opus.Engine.Net.csproj", "{44CE27B9-9DCE-4C49-8BC9-6CD75400B61C}"
EndProject
Project("{FAE04EC0-301F-11D3-BF4B-00C04F79EFBC}") = "Opus.Engine.Net.Tests", "src\Engine\Opus.Engine.Net.Tests\Opus.Engine.Net.Tests.csproj", "{90F43B55-BB6C-4678-85ED-9C27F3CB105B}"
EndProject
Project("{FAE04EC0-301F-11D3-BF4B-00C04F79EFBC}") = "Opus.Engine.AlphaHarness", "src\Engine\Opus.Engine.AlphaHarness\Opus.Engine.AlphaHarness.csproj", "{53ED30EC-AFE8-4BA7-9CE3-58D516C07E47}"
EndProject
Project("{FAE04EC0-301F-11D3-BF4B-00C04F79EFBC}") = "Opus.Engine.AlphaHarness.Tests", "src\Engine\Opus.Engine.AlphaHarness.Tests\Opus.Engine.AlphaHarness.Tests.csproj", "{A0913376-A4DC-4706-AE2D-61B01E711E47}"
EndProject
Project("{FAE04EC0-301F-11D3-BF4B-00C04F79EFBC}") = "Opus.App.OpusAlpha.Tests", "src\Apps\Opus.App.OpusAlpha.Tests\Opus.App.OpusAlpha.Tests.csproj", "{63DA0D34-834C-4304-8556-530C147335FE}"
EndProject
Project("{FAE04EC0-301F-11D3-BF4B-00C04F79EFBC}") = "Opus.Engine.Consumer", "src\Engine\Opus.Engine.Consumer\Opus.Engine.Consumer.csproj", "{6279DBF6-7038-47C1-9EF5-C035AE59A447}"
EndProject
Project("{FAE04EC0-301F-11D3-BF4B-00C04F79EFBC}") = "Opus.Engine.Consumer.Tests", "src\Engine\Opus.Engine.Consumer.Tests\Opus.Engine.Consumer.Tests.csproj", "{2AC7ED4D-AA00-4D26-AFAC-E550D2ADFDE9}"
EndProject
Project("{FAE04EC0-301F-11D3-BF4B-00C04F79EFBC}") = "Opus.Engine.AlphaStress", "src\Engine\Opus.Engine.AlphaStress\Opus.Engine.AlphaStress.csproj", "{B6109558-2D79-44CF-8B95-3D4A2DD3F7E5}"
EndProject
Project("{FAE04EC0-301F-11D3-BF4B-00C04F79EFBC}") = "Opus.Engine.AlphaStress.Tests", "src\Engine\Opus.Engine.AlphaStress.Tests\Opus.Engine.AlphaStress.Tests.csproj", "{6A23AC5C-2855-4B19-AB09-1541F00E3F4A}"
EndProject
Project("{FAE04EC0-301F-11D3-BF4B-00C04F79EFBC}") = "Opus.App.OpusAlpha.Tests.ConsumerPluginFixture", "src\Apps\Opus.App.OpusAlpha.Tests.ConsumerPluginFixture\Opus.App.OpusAlpha.Tests.ConsumerPluginFixture.csproj", "{939F1D15-40A9-4635-9BE2-33738ED08857}"
EndProject
Project("{FAE04EC0-301F-11D3-BF4B-00C04F79EFBC}") = "Opus.Engine.Physics", "src\Engine\Opus.Engine.Physics\Opus.Engine.Physics.csproj", "{51A7E7B2-6917-45BA-8C30-D29E5CAB1092}"
EndProject
Project("{FAE04EC0-301F-11D3-BF4B-00C04F79EFBC}") = "Opus.Engine.Physics.Tests", "src\Engine\Opus.Engine.Physics.Tests\Opus.Engine.Physics.Tests.csproj", "{43A7D9F4-0501-4C1F-8F6D-DA9C6D8A1D18}"
EndProject
Project("{FAE04EC0-301F-11D3-BF4B-00C04F79EFBC}") = "Opus.Engine.Audio.Raylib", "src\Engine\Opus.Engine.Audio.Raylib\Opus.Engine.Audio.Raylib.csproj", "{69D8DC70-47B2-4E5D-B36B-07018726B3A8}"
EndProject
Global
	GlobalSection(SolutionConfigurationPlatforms) = preSolution
		Debug|Any CPU = Debug|Any CPU
		Release|Any CPU = Release|Any CPU
	EndGlobalSection
	GlobalSection(SolutionProperties) = preSolution
		HideSolutionNode = FALSE
	EndGlobalSection
	GlobalSection(ProjectConfigurationPlatforms) = postSolution
		{E98FB4C3-4248-41E2-BE6C-725F12C76AB3}.Debug|Any CPU.ActiveCfg = Debug|Any CPU
		{E98FB4C3-4248-41E2-BE6C-725F12C76AB3}.Debug|Any CPU.Build.0 = Debug|Any CPU
		{E98FB4C3-4248-41E2-BE6C-725F12C76AB3}.Release|Any CPU.ActiveCfg = Release|Any CPU
		{E98FB4C3-4248-41E2-BE6C-725F12C76AB3}.Release|Any CPU.Build.0 = Release|Any CPU
		{987C1A2D-AD2E-4749-8598-08E628596068}.Debug|Any CPU.ActiveCfg = Debug|Any CPU
		{987C1A2D-AD2E-4749-8598-08E628596068}.Debug|Any CPU.Build.0 = Debug|Any CPU
		{987C1A2D-AD2E-4749-8598-08E628596068}.Release|Any CPU.ActiveCfg = Release|Any CPU
		{987C1A2D-AD2E-4749-8598-08E628596068}.Release|Any CPU.Build.0 = Release|Any CPU
		{24483573-0B6F-49D7-AAE8-1E3DFCA7DE76}.Debug|Any CPU.ActiveCfg = Debug|Any CPU
		{24483573-0B6F-49D7-AAE8-1E3DFCA7DE76}.Debug|Any CPU.Build.0 = Debug|Any CPU
		{24483573-0B6F-49D7-AAE8-1E3DFCA7DE76}.Release|Any CPU.ActiveCfg = Release|Any CPU
		{24483573-0B6F-49D7-AAE8-1E3DFCA7DE76}.Release|Any CPU.Build.0 = Release|Any CPU
		{1C6FC4FE-FF92-42E7-8D57-6D7358DFEEB0}.Debug|Any CPU.ActiveCfg = Debug|Any CPU
		{1C6FC4FE-FF92-42E7-8D57-6D7358DFEEB0}.Debug|Any CPU.Build.0 = Debug|Any CPU
		{1C6FC4FE-FF92-42E7-8D57-6D7358DFEEB0}.Release|Any CPU.ActiveCfg = Release|Any CPU
		{1C6FC4FE-FF92-42E7-8D57-6D7358DFEEB0}.Release|Any CPU.Build.0 = Release|Any CPU
		{D3E196F5-4C0B-4D09-B480-D74D37A34360}.Debug|Any CPU.ActiveCfg = Debug|Any CPU
		{D3E196F5-4C0B-4D09-B480-D74D37A34360}.Debug|Any CPU.Build.0 = Debug|Any CPU
		{D3E196F5-4C0B-4D09-B480-D74D37A34360}.Release|Any CPU.ActiveCfg = Release|Any CPU
		{D3E196F5-4C0B-4D09-B480-D74D37A34360}.Release|Any CPU.Build.0 = Release|Any CPU
		{28CF175F-03A6-41D5-A081-5E9D0CA59104}.Debug|Any CPU.ActiveCfg = Debug|Any CPU
		{28CF175F-03A6-41D5-A081-5E9D0CA59104}.Debug|Any CPU.Build.0 = Debug|Any CPU
		{28CF175F-03A6-41D5-A081-5E9D0CA59104}.Release|Any CPU.ActiveCfg = Release|Any CPU
		{28CF175F-03A6-41D5-A081-5E9D0CA59104}.Release|Any CPU.Build.0 = Release|Any CPU
		{9ABA832E-8D52-4622-8100-1F6F3BCE16DA}.Debug|Any CPU.ActiveCfg = Debug|Any CPU
		{9ABA832E-8D52-4622-8100-1F6F3BCE16DA}.Debug|Any CPU.Build.0 = Debug|Any CPU
		{9ABA832E-8D52-4622-8100-1F6F3BCE16DA}.Release|Any CPU.ActiveCfg = Release|Any CPU
		{9ABA832E-8D52-4622-8100-1F6F3BCE16DA}.Release|Any CPU.Build.0 = Release|Any CPU
		{7B77F5FB-5A4A-49FC-9D84-43A41F6705CC}.Debug|Any CPU.ActiveCfg = Debug|Any CPU
		{7B77F5FB-5A4A-49FC-9D84-43A41F6705CC}.Debug|Any CPU.Build.0 = Debug|Any CPU
		{7B77F5FB-5A4A-49FC-9D84-43A41F6705CC}.Release|Any CPU.ActiveCfg = Release|Any CPU
		{7B77F5FB-5A4A-49FC-9D84-43A41F6705CC}.Release|Any CPU.Build.0 = Release|Any CPU
		{D0A65F82-E276-4673-BD3C-1755D6E2172E}.Debug|Any CPU.ActiveCfg = Debug|Any CPU
		{D0A65F82-E276-4673-BD3C-1755D6E2172E}.Debug|Any CPU.Build.0 = Debug|Any CPU
		{D0A65F82-E276-4673-BD3C-1755D6E2172E}.Release|Any CPU.ActiveCfg = Release|Any CPU
		{D0A65F82-E276-4673-BD3C-1755D6E2172E}.Release|Any CPU.Build.0 = Release|Any CPU
		{2E746719-72F5-4488-8EDA-8A62583E2278}.Debug|Any CPU.ActiveCfg = Debug|Any CPU
		{2E746719-72F5-4488-8EDA-8A62583E2278}.Debug|Any CPU.Build.0 = Debug|Any CPU
		{2E746719-72F5-4488-8EDA-8A62583E2278}.Release|Any CPU.ActiveCfg = Release|Any CPU
		{2E746719-72F5-4488-8EDA-8A62583E2278}.Release|Any CPU.Build.0 = Release|Any CPU
		{5D9794AD-2BF8-4C29-AEA2-6A7182F2055A}.Debug|Any CPU.ActiveCfg = Debug|Any CPU
		{5D9794AD-2BF8-4C29-AEA2-6A7182F2055A}.Debug|Any CPU.Build.0 = Debug|Any CPU
		{5D9794AD-2BF8-4C29-AEA2-6A7182F2055A}.Release|Any CPU.ActiveCfg = Release|Any CPU
		{5D9794AD-2BF8-4C29-AEA2-6A7182F2055A}.Release|Any CPU.Build.0 = Release|Any CPU
		{9F6C55DE-8EEE-4036-87EF-F9D005F20395}.Debug|Any CPU.ActiveCfg = Debug|Any CPU
		{9F6C55DE-8EEE-4036-87EF-F9D005F20395}.Debug|Any CPU.Build.0 = Debug|Any CPU
		{9F6C55DE-8EEE-4036-87EF-F9D005F20395}.Release|Any CPU.ActiveCfg = Release|Any CPU
		{9F6C55DE-8EEE-4036-87EF-F9D005F20395}.Release|Any CPU.Build.0 = Release|Any CPU
		{65D81B43-3D64-4CB6-B24D-6CF1D208E2DF}.Debug|Any CPU.ActiveCfg = Debug|Any CPU
		{65D81B43-3D64-4CB6-B24D-6CF1D208E2DF}.Debug|Any CPU.Build.0 = Debug|Any CPU
		{65D81B43-3D64-4CB6-B24D-6CF1D208E2DF}.Release|Any CPU.ActiveCfg = Release|Any CPU
		{65D81B43-3D64-4CB6-B24D-6CF1D208E2DF}.Release|Any CPU.Build.0 = Release|Any CPU
		{617E6647-C6DE-476C-9340-B86AFAFD5ED7}.Debug|Any CPU.ActiveCfg = Debug|Any CPU
		{617E6647-C6DE-476C-9340-B86AFAFD5ED7}.Debug|Any CPU.Build.0 = Debug|Any CPU
		{617E6647-C6DE-476C-9340-B86AFAFD5ED7}.Release|Any CPU.ActiveCfg = Release|Any CPU
		{617E6647-C6DE-476C-9340-B86AFAFD5ED7}.Release|Any CPU.Build.0 = Release|Any CPU
		{824A2BCD-9B8D-4544-BBB2-F767A2261FFF}.Debug|Any CPU.ActiveCfg = Debug|Any CPU
		{824A2BCD-9B8D-4544-BBB2-F767A2261FFF}.Debug|Any CPU.Build.0 = Debug|Any CPU
		{824A2BCD-9B8D-4544-BBB2-F767A2261FFF}.Release|Any CPU.ActiveCfg = Release|Any CPU
		{824A2BCD-9B8D-4544-BBB2-F767A2261FFF}.Release|Any CPU.Build.0 = Release|Any CPU
		{381AC771-5709-4616-81F3-F5C66A2EB184}.Debug|Any CPU.ActiveCfg = Debug|Any CPU
		{381AC771-5709-4616-81F3-F5C66A2EB184}.Debug|Any CPU.Build.0 = Debug|Any CPU
		{381AC771-5709-4616-81F3-F5C66A2EB184}.Release|Any CPU.ActiveCfg = Release|Any CPU
		{381AC771-5709-4616-81F3-F5C66A2EB184}.Release|Any CPU.Build.0 = Release|Any CPU
		{0427233E-B709-4176-8067-44740B6FDCD3}.Debug|Any CPU.ActiveCfg = Debug|Any CPU
		{0427233E-B709-4176-8067-44740B6FDCD3}.Debug|Any CPU.Build.0 = Debug|Any CPU
		{0427233E-B709-4176-8067-44740B6FDCD3}.Release|Any CPU.ActiveCfg = Release|Any CPU
		{0427233E-B709-4176-8067-44740B6FDCD3}.Release|Any CPU.Build.0 = Release|Any CPU
		{B70D3DD4-1092-4085-938B-F7B09532E8B7}.Debug|Any CPU.ActiveCfg = Debug|Any CPU
		{B70D3DD4-1092-4085-938B-F7B09532E8B7}.Debug|Any CPU.Build.0 = Debug|Any CPU
		{B70D3DD4-1092-4085-938B-F7B09532E8B7}.Release|Any CPU.ActiveCfg = Release|Any CPU
		{B70D3DD4-1092-4085-938B-F7B09532E8B7}.Release|Any CPU.Build.0 = Release|Any CPU
		{3E4C1E84-5A5C-4639-812F-49A574A69AE6}.Debug|Any CPU.ActiveCfg = Debug|Any CPU
		{3E4C1E84-5A5C-4639-812F-49A574A69AE6}.Debug|Any CPU.Build.0 = Debug|Any CPU
		{3E4C1E84-5A5C-4639-812F-49A574A69AE6}.Release|Any CPU.ActiveCfg = Release|Any CPU
		{3E4C1E84-5A5C-4639-812F-49A574A69AE6}.Release|Any CPU.Build.0 = Release|Any CPU
		{FBDC194F-3429-48B9-82B2-4A9094FAF7D8}.Debug|Any CPU.ActiveCfg = Debug|Any CPU
		{FBDC194F-3429-48B9-82B2-4A9094FAF7D8}.Debug|Any CPU.Build.0 = Debug|Any CPU
		{FBDC194F-3429-48B9-82B2-4A9094FAF7D8}.Release|Any CPU.ActiveCfg = Release|Any CPU
		{FBDC194F-3429-48B9-82B2-4A9094FAF7D8}.Release|Any CPU.Build.0 = Release|Any CPU
		{C6BCF88C-7A04-4695-9857-403BEEC4D5B2}.Debug|Any CPU.ActiveCfg = Debug|Any CPU
		{C6BCF88C-7A04-4695-9857-403BEEC4D5B2}.Debug|Any CPU.Build.0 = Debug|Any CPU
		{C6BCF88C-7A04-4695-9857-403BEEC4D5B2}.Release|Any CPU.ActiveCfg = Release|Any CPU
		{C6BCF88C-7A04-4695-9857-403BEEC4D5B2}.Release|Any CPU.Build.0 = Release|Any CPU
		{1A6BF044-FF24-4D48-9F11-66C4ED2D3257}.Debug|Any CPU.ActiveCfg = Debug|Any CPU
		{1A6BF044-FF24-4D48-9F11-66C4ED2D3257}.Debug|Any CPU.Build.0 = Debug|Any CPU
		{1A6BF044-FF24-4D48-9F11-66C4ED2D3257}.Release|Any CPU.ActiveCfg = Release|Any CPU
		{1A6BF044-FF24-4D48-9F11-66C4ED2D3257}.Release|Any CPU.Build.0 = Release|Any CPU
		{C8C9100B-6830-43B3-BEE5-6F061BF856B1}.Debug|Any CPU.ActiveCfg = Debug|Any CPU
		{C8C9100B-6830-43B3-BEE5-6F061BF856B1}.Debug|Any CPU.Build.0 = Debug|Any CPU
		{C8C9100B-6830-43B3-BEE5-6F061BF856B1}.Release|Any CPU.ActiveCfg = Release|Any CPU
		{C8C9100B-6830-43B3-BEE5-6F061BF856B1}.Release|Any CPU.Build.0 = Release|Any CPU
		{0AB91085-DC3D-4F66-BF55-60BA7BAE625A}.Debug|Any CPU.ActiveCfg = Debug|Any CPU
		{0AB91085-DC3D-4F66-BF55-60BA7BAE625A}.Debug|Any CPU.Build.0 = Debug|Any CPU
		{0AB91085-DC3D-4F66-BF55-60BA7BAE625A}.Release|Any CPU.ActiveCfg = Release|Any CPU
		{0AB91085-DC3D-4F66-BF55-60BA7BAE625A}.Release|Any CPU.Build.0 = Release|Any CPU
		{E9EA861F-ECA1-4D98-A39B-43854FD45038}.Debug|Any CPU.ActiveCfg = Debug|Any CPU
		{E9EA861F-ECA1-4D98-A39B-43854FD45038}.Debug|Any CPU.Build.0 = Debug|Any CPU
		{E9EA861F-ECA1-4D98-A39B-43854FD45038}.Release|Any CPU.ActiveCfg = Release|Any CPU
		{E9EA861F-ECA1-4D98-A39B-43854FD45038}.Release|Any CPU.Build.0 = Release|Any CPU
		{B5C9D5F5-C593-42AD-BBCC-88A47DF84624}.Debug|Any CPU.ActiveCfg = Debug|Any CPU
		{B5C9D5F5-C593-42AD-BBCC-88A47DF84624}.Debug|Any CPU.Build.0 = Debug|Any CPU
		{B5C9D5F5-C593-42AD-BBCC-88A47DF84624}.Release|Any CPU.ActiveCfg = Release|Any CPU
		{B5C9D5F5-C593-42AD-BBCC-88A47DF84624}.Release|Any CPU.Build.0 = Release|Any CPU
		{B85CEAB2-1581-4BA1-ACD1-027107984B7A}.Debug|Any CPU.ActiveCfg = Debug|Any CPU
		{B85CEAB2-1581-4BA1-ACD1-027107984B7A}.Debug|Any CPU.Build.0 = Debug|Any CPU
		{B85CEAB2-1581-4BA1-ACD1-027107984B7A}.Release|Any CPU.ActiveCfg = Release|Any CPU
		{B85CEAB2-1581-4BA1-ACD1-027107984B7A}.Release|Any CPU.Build.0 = Release|Any CPU
		{E174EF3E-5FA1-49F2-BC59-38B3A6CA003E}.Debug|Any CPU.ActiveCfg = Debug|Any CPU
		{E174EF3E-5FA1-49F2-BC59-38B3A6CA003E}.Debug|Any CPU.Build.0 = Debug|Any CPU
		{E174EF3E-5FA1-49F2-BC59-38B3A6CA003E}.Release|Any CPU.ActiveCfg = Release|Any CPU
		{E174EF3E-5FA1-49F2-BC59-38B3A6CA003E}.Release|Any CPU.Build.0 = Release|Any CPU
		{986BB53E-9F01-4D42-91FB-542F50CCB5EA}.Debug|Any CPU.ActiveCfg = Debug|Any CPU
		{986BB53E-9F01-4D42-91FB-542F50CCB5EA}.Debug|Any CPU.Build.0 = Debug|Any CPU
		{986BB53E-9F01-4D42-91FB-542F50CCB5EA}.Release|Any CPU.ActiveCfg = Release|Any CPU
		{986BB53E-9F01-4D42-91FB-542F50CCB5EA}.Release|Any CPU.Build.0 = Release|Any CPU
		{AA1FD78D-E03C-45FA-ADA8-9DA6EA505ABB}.Debug|Any CPU.ActiveCfg = Debug|Any CPU
		{AA1FD78D-E03C-45FA-ADA8-9DA6EA505ABB}.Debug|Any CPU.Build.0 = Debug|Any CPU
		{AA1FD78D-E03C-45FA-ADA8-9DA6EA505ABB}.Release|Any CPU.ActiveCfg = Release|Any CPU
		{AA1FD78D-E03C-45FA-ADA8-9DA6EA505ABB}.Release|Any CPU.Build.0 = Release|Any CPU
		{47279D03-F419-4955-A91B-0EAC0D2DF2C6}.Debug|Any CPU.ActiveCfg = Debug|Any CPU
		{47279D03-F419-4955-A91B-0EAC0D2DF2C6}.Debug|Any CPU.Build.0 = Debug|Any CPU
		{47279D03-F419-4955-A91B-0EAC0D2DF2C6}.Release|Any CPU.ActiveCfg = Release|Any CPU
		{47279D03-F419-4955-A91B-0EAC0D2DF2C6}.Release|Any CPU.Build.0 = Release|Any CPU
		{C9AFFBA2-D30C-4E7E-997B-6DCA5F34B992}.Debug|Any CPU.ActiveCfg = Debug|Any CPU
		{C9AFFBA2-D30C-4E7E-997B-6DCA5F34B992}.Debug|Any CPU.Build.0 = Debug|Any CPU
		{C9AFFBA2-D30C-4E7E-997B-6DCA5F34B992}.Release|Any CPU.ActiveCfg = Release|Any CPU
		{C9AFFBA2-D30C-4E7E-997B-6DCA5F34B992}.Release|Any CPU.Build.0 = Release|Any CPU
		{7F91D5CA-4FFA-449B-A9C7-48C4A06D1A54}.Debug|Any CPU.ActiveCfg = Debug|Any CPU
		{7F91D5CA-4FFA-449B-A9C7-48C4A06D1A54}.Debug|Any CPU.Build.0 = Debug|Any CPU
		{7F91D5CA-4FFA-449B-A9C7-48C4A06D1A54}.Release|Any CPU.ActiveCfg = Release|Any CPU
		{7F91D5CA-4FFA-449B-A9C7-48C4A06D1A54}.Release|Any CPU.Build.0 = Release|Any CPU
		{75433B7A-600A-475E-8664-EFC2F8DAF70C}.Debug|Any CPU.ActiveCfg = Debug|Any CPU
		{75433B7A-600A-475E-8664-EFC2F8DAF70C}.Debug|Any CPU.Build.0 = Debug|Any CPU
		{75433B7A-600A-475E-8664-EFC2F8DAF70C}.Release|Any CPU.ActiveCfg = Release|Any CPU
		{75433B7A-600A-475E-8664-EFC2F8DAF70C}.Release|Any CPU.Build.0 = Release|Any CPU
		{F8470B71-B1ED-45D1-9401-C7349E5E429D}.Debug|Any CPU.ActiveCfg = Debug|Any CPU
		{F8470B71-B1ED-45D1-9401-C7349E5E429D}.Debug|Any CPU.Build.0 = Debug|Any CPU
		{F8470B71-B1ED-45D1-9401-C7349E5E429D}.Release|Any CPU.ActiveCfg = Release|Any CPU
		{F8470B71-B1ED-45D1-9401-C7349E5E429D}.Release|Any CPU.Build.0 = Release|Any CPU
		{A5530742-D7F2-44A8-8DA4-E3FDE9BCFD50}.Debug|Any CPU.ActiveCfg = Debug|Any CPU
		{A5530742-D7F2-44A8-8DA4-E3FDE9BCFD50}.Debug|Any CPU.Build.0 = Debug|Any CPU
		{A5530742-D7F2-44A8-8DA4-E3FDE9BCFD50}.Release|Any CPU.ActiveCfg = Release|Any CPU
		{A5530742-D7F2-44A8-8DA4-E3FDE9BCFD50}.Release|Any CPU.Build.0 = Release|Any CPU
		{F3CE2A82-D6F6-41EC-BD25-985D2D58C755}.Debug|Any CPU.ActiveCfg = Debug|Any CPU
		{F3CE2A82-D6F6-41EC-BD25-985D2D58C755}.Debug|Any CPU.Build.0 = Debug|Any CPU
		{F3CE2A82-D6F6-41EC-BD25-985D2D58C755}.Release|Any CPU.ActiveCfg = Release|Any CPU
		{F3CE2A82-D6F6-41EC-BD25-985D2D58C755}.Release|Any CPU.Build.0 = Release|Any CPU
		{0437829D-68EC-4E5E-9505-CC965A5F12B2}.Debug|Any CPU.ActiveCfg = Debug|Any CPU
		{0437829D-68EC-4E5E-9505-CC965A5F12B2}.Debug|Any CPU.Build.0 = Debug|Any CPU
		{0437829D-68EC-4E5E-9505-CC965A5F12B2}.Release|Any CPU.ActiveCfg = Release|Any CPU
		{0437829D-68EC-4E5E-9505-CC965A5F12B2}.Release|Any CPU.Build.0 = Release|Any CPU
		{AA71633D-34DF-4F28-8B57-4C718EB78398}.Debug|Any CPU.ActiveCfg = Debug|Any CPU
		{AA71633D-34DF-4F28-8B57-4C718EB78398}.Debug|Any CPU.Build.0 = Debug|Any CPU
		{AA71633D-34DF-4F28-8B57-4C718EB78398}.Release|Any CPU.ActiveCfg = Release|Any CPU
		{AA71633D-34DF-4F28-8B57-4C718EB78398}.Release|Any CPU.Build.0 = Release|Any CPU
		{337D8C43-BC4F-48FA-9970-C6252D926DD9}.Debug|Any CPU.ActiveCfg = Debug|Any CPU
		{337D8C43-BC4F-48FA-9970-C6252D926DD9}.Debug|Any CPU.Build.0 = Debug|Any CPU
		{337D8C43-BC4F-48FA-9970-C6252D926DD9}.Release|Any CPU.ActiveCfg = Release|Any CPU
		{337D8C43-BC4F-48FA-9970-C6252D926DD9}.Release|Any CPU.Build.0 = Release|Any CPU
		{AA4EF4C8-FEF2-48DA-967A-CBDCC9F2A9B2}.Debug|Any CPU.ActiveCfg = Debug|Any CPU
		{AA4EF4C8-FEF2-48DA-967A-CBDCC9F2A9B2}.Debug|Any CPU.Build.0 = Debug|Any CPU
		{AA4EF4C8-FEF2-48DA-967A-CBDCC9F2A9B2}.Release|Any CPU.ActiveCfg = Release|Any CPU
		{AA4EF4C8-FEF2-48DA-967A-CBDCC9F2A9B2}.Release|Any CPU.Build.0 = Release|Any CPU
		{A9A7AF46-7BAE-4055-A234-25C69411AF69}.Debug|Any CPU.ActiveCfg = Debug|Any CPU
		{A9A7AF46-7BAE-4055-A234-25C69411AF69}.Debug|Any CPU.Build.0 = Debug|Any CPU
		{A9A7AF46-7BAE-4055-A234-25C69411AF69}.Release|Any CPU.ActiveCfg = Release|Any CPU
		{A9A7AF46-7BAE-4055-A234-25C69411AF69}.Release|Any CPU.Build.0 = Release|Any CPU
		{AABB232A-97E8-4B3D-B998-2230947FECE2}.Debug|Any CPU.ActiveCfg = Debug|Any CPU
		{AABB232A-97E8-4B3D-B998-2230947FECE2}.Debug|Any CPU.Build.0 = Debug|Any CPU
		{AABB232A-97E8-4B3D-B998-2230947FECE2}.Release|Any CPU.ActiveCfg = Release|Any CPU
		{AABB232A-97E8-4B3D-B998-2230947FECE2}.Release|Any CPU.Build.0 = Release|Any CPU
		{581D12C1-A1A4-4B88-AAA5-25636FDB3723}.Debug|Any CPU.ActiveCfg = Debug|Any CPU
		{581D12C1-A1A4-4B88-AAA5-25636FDB3723}.Debug|Any CPU.Build.0 = Debug|Any CPU
		{581D12C1-A1A4-4B88-AAA5-25636FDB3723}.Release|Any CPU.ActiveCfg = Release|Any CPU
		{581D12C1-A1A4-4B88-AAA5-25636FDB3723}.Release|Any CPU.Build.0 = Release|Any CPU
		{44CE27B9-9DCE-4C49-8BC9-6CD75400B61C}.Debug|Any CPU.ActiveCfg = Debug|Any CPU
		{44CE27B9-9DCE-4C49-8BC9-6CD75400B61C}.Debug|Any CPU.Build.0 = Debug|Any CPU
		{44CE27B9-9DCE-4C49-8BC9-6CD75400B61C}.Release|Any CPU.ActiveCfg = Release|Any CPU
		{44CE27B9-9DCE-4C49-8BC9-6CD75400B61C}.Release|Any CPU.Build.0 = Release|Any CPU
		{90F43B55-BB6C-4678-85ED-9C27F3CB105B}.Debug|Any CPU.ActiveCfg = Debug|Any CPU
		{90F43B55-BB6C-4678-85ED-9C27F3CB105B}.Debug|Any CPU.Build.0 = Debug|Any CPU
		{90F43B55-BB6C-4678-85ED-9C27F3CB105B}.Release|Any CPU.ActiveCfg = Release|Any CPU
		{90F43B55-BB6C-4678-85ED-9C27F3CB105B}.Release|Any CPU.Build.0 = Release|Any CPU
		{53ED30EC-AFE8-4BA7-9CE3-58D516C07E47}.Debug|Any CPU.ActiveCfg = Debug|Any CPU
		{53ED30EC-AFE8-4BA7-9CE3-58D516C07E47}.Debug|Any CPU.Build.0 = Debug|Any CPU
		{53ED30EC-AFE8-4BA7-9CE3-58D516C07E47}.Release|Any CPU.ActiveCfg = Release|Any CPU
		{53ED30EC-AFE8-4BA7-9CE3-58D516C07E47}.Release|Any CPU.Build.0 = Release|Any CPU
		{A0913376-A4DC-4706-AE2D-61B01E711E47}.Debug|Any CPU.ActiveCfg = Debug|Any CPU
		{A0913376-A4DC-4706-AE2D-61B01E711E47}.Debug|Any CPU.Build.0 = Debug|Any CPU
		{A0913376-A4DC-4706-AE2D-61B01E711E47}.Release|Any CPU.ActiveCfg = Release|Any CPU
		{A0913376-A4DC-4706-AE2D-61B01E711E47}.Release|Any CPU.Build.0 = Release|Any CPU
		{63DA0D34-834C-4304-8556-530C147335FE}.Debug|Any CPU.ActiveCfg = Debug|Any CPU
		{63DA0D34-834C-4304-8556-530C147335FE}.Debug|Any CPU.Build.0 = Debug|Any CPU
		{63DA0D34-834C-4304-8556-530C147335FE}.Release|Any CPU.ActiveCfg = Release|Any CPU
		{63DA0D34-834C-4304-8556-530C147335FE}.Release|Any CPU.Build.0 = Release|Any CPU
		{6279DBF6-7038-47C1-9EF5-C035AE59A447}.Debug|Any CPU.ActiveCfg = Debug|Any CPU
		{6279DBF6-7038-47C1-9EF5-C035AE59A447}.Debug|Any CPU.Build.0 = Debug|Any CPU
		{6279DBF6-7038-47C1-9EF5-C035AE59A447}.Release|Any CPU.ActiveCfg = Release|Any CPU
		{6279DBF6-7038-47C1-9EF5-C035AE59A447}.Release|Any CPU.Build.0 = Release|Any CPU
		{2AC7ED4D-AA00-4D26-AFAC-E550D2ADFDE9}.Debug|Any CPU.ActiveCfg = Debug|Any CPU
		{2AC7ED4D-AA00-4D26-AFAC-E550D2ADFDE9}.Debug|Any CPU.Build.0 = Debug|Any CPU
		{2AC7ED4D-AA00-4D26-AFAC-E550D2ADFDE9}.Release|Any CPU.ActiveCfg = Release|Any CPU
		{2AC7ED4D-AA00-4D26-AFAC-E550D2ADFDE9}.Release|Any CPU.Build.0 = Release|Any CPU
		{B6109558-2D79-44CF-8B95-3D4A2DD3F7E5}.Debug|Any CPU.ActiveCfg = Debug|Any CPU
		{B6109558-2D79-44CF-8B95-3D4A2DD3F7E5}.Debug|Any CPU.Build.0 = Debug|Any CPU
		{B6109558-2D79-44CF-8B95-3D4A2DD3F7E5}.Release|Any CPU.ActiveCfg = Release|Any CPU
		{B6109558-2D79-44CF-8B95-3D4A2DD3F7E5}.Release|Any CPU.Build.0 = Release|Any CPU
		{6A23AC5C-2855-4B19-AB09-1541F00E3F4A}.Debug|Any CPU.ActiveCfg = Debug|Any CPU
		{6A23AC5C-2855-4B19-AB09-1541F00E3F4A}.Debug|Any CPU.Build.0 = Debug|Any CPU
		{6A23AC5C-2855-4B19-AB09-1541F00E3F4A}.Release|Any CPU.ActiveCfg = Release|Any CPU
		{6A23AC5C-2855-4B19-AB09-1541F00E3F4A}.Release|Any CPU.Build.0 = Release|Any CPU
		{939F1D15-40A9-4635-9BE2-33738ED08857}.Debug|Any CPU.ActiveCfg = Debug|Any CPU
		{939F1D15-40A9-4635-9BE2-33738ED08857}.Debug|Any CPU.Build.0 = Debug|Any CPU
		{939F1D15-40A9-4635-9BE2-33738ED08857}.Release|Any CPU.ActiveCfg = Release|Any CPU
		{939F1D15-40A9-4635-9BE2-33738ED08857}.Release|Any CPU.Build.0 = Release|Any CPU
		{51A7E7B2-6917-45BA-8C30-D29E5CAB1092}.Debug|Any CPU.ActiveCfg = Debug|Any CPU
		{51A7E7B2-6917-45BA-8C30-D29E5CAB1092}.Debug|Any CPU.Build.0 = Debug|Any CPU
		{51A7E7B2-6917-45BA-8C30-D29E5CAB1092}.Release|Any CPU.ActiveCfg = Release|Any CPU
		{51A7E7B2-6917-45BA-8C30-D29E5CAB1092}.Release|Any CPU.Build.0 = Release|Any CPU
		{43A7D9F4-0501-4C1F-8F6D-DA9C6D8A1D18}.Debug|Any CPU.ActiveCfg = Debug|Any CPU
		{43A7D9F4-0501-4C1F-8F6D-DA9C6D8A1D18}.Debug|Any CPU.Build.0 = Debug|Any CPU
		{43A7D9F4-0501-4C1F-8F6D-DA9C6D8A1D18}.Release|Any CPU.ActiveCfg = Release|Any CPU
		{43A7D9F4-0501-4C1F-8F6D-DA9C6D8A1D18}.Release|Any CPU.Build.0 = Release|Any CPU
		{69D8DC70-47B2-4E5D-B36B-07018726B3A8}.Debug|Any CPU.ActiveCfg = Debug|Any CPU
		{69D8DC70-47B2-4E5D-B36B-07018726B3A8}.Debug|Any CPU.Build.0 = Debug|Any CPU
		{69D8DC70-47B2-4E5D-B36B-07018726B3A8}.Release|Any CPU.ActiveCfg = Release|Any CPU
		{69D8DC70-47B2-4E5D-B36B-07018726B3A8}.Release|Any CPU.Build.0 = Release|Any CPU
	EndGlobalSection
	GlobalSection(NestedProjects) = preSolution
		{1AF9F424-B3AB-4BDA-814C-6EAEAB8AF7A7} = {8FE4248D-05FE-45C8-A0A1-AEEB75B26652}
		{E98FB4C3-4248-41E2-BE6C-725F12C76AB3} = {1AF9F424-B3AB-4BDA-814C-6EAEAB8AF7A7}
		{30735996-7A8B-487F-96DA-DEDA3C53C974} = {8FE4248D-05FE-45C8-A0A1-AEEB75B26652}
		{987C1A2D-AD2E-4749-8598-08E628596068} = {30735996-7A8B-487F-96DA-DEDA3C53C974}
		{24483573-0B6F-49D7-AAE8-1E3DFCA7DE76} = {30735996-7A8B-487F-96DA-DEDA3C53C974}
		{1C6FC4FE-FF92-42E7-8D57-6D7358DFEEB0} = {30735996-7A8B-487F-96DA-DEDA3C53C974}
		{D3E196F5-4C0B-4D09-B480-D74D37A34360} = {30735996-7A8B-487F-96DA-DEDA3C53C974}
		{28CF175F-03A6-41D5-A081-5E9D0CA59104} = {30735996-7A8B-487F-96DA-DEDA3C53C974}
		{9ABA832E-8D52-4622-8100-1F6F3BCE16DA} = {30735996-7A8B-487F-96DA-DEDA3C53C974}
		{7B77F5FB-5A4A-49FC-9D84-43A41F6705CC} = {30735996-7A8B-487F-96DA-DEDA3C53C974}
		{D0A65F82-E276-4673-BD3C-1755D6E2172E} = {30735996-7A8B-487F-96DA-DEDA3C53C974}
		{2E746719-72F5-4488-8EDA-8A62583E2278} = {30735996-7A8B-487F-96DA-DEDA3C53C974}
		{5D9794AD-2BF8-4C29-AEA2-6A7182F2055A} = {30735996-7A8B-487F-96DA-DEDA3C53C974}
		{9F6C55DE-8EEE-4036-87EF-F9D005F20395} = {30735996-7A8B-487F-96DA-DEDA3C53C974}
		{65D81B43-3D64-4CB6-B24D-6CF1D208E2DF} = {30735996-7A8B-487F-96DA-DEDA3C53C974}
		{617E6647-C6DE-476C-9340-B86AFAFD5ED7} = {30735996-7A8B-487F-96DA-DEDA3C53C974}
		{824A2BCD-9B8D-4544-BBB2-F767A2261FFF} = {30735996-7A8B-487F-96DA-DEDA3C53C974}
		{381AC771-5709-4616-81F3-F5C66A2EB184} = {30735996-7A8B-487F-96DA-DEDA3C53C974}
		{0427233E-B709-4176-8067-44740B6FDCD3} = {30735996-7A8B-487F-96DA-DEDA3C53C974}
		{B70D3DD4-1092-4085-938B-F7B09532E8B7} = {30735996-7A8B-487F-96DA-DEDA3C53C974}
		{3E4C1E84-5A5C-4639-812F-49A574A69AE6} = {30735996-7A8B-487F-96DA-DEDA3C53C974}
		{FBDC194F-3429-48B9-82B2-4A9094FAF7D8} = {30735996-7A8B-487F-96DA-DEDA3C53C974}
		{C6BCF88C-7A04-4695-9857-403BEEC4D5B2} = {30735996-7A8B-487F-96DA-DEDA3C53C974}
		{1A6BF044-FF24-4D48-9F11-66C4ED2D3257} = {30735996-7A8B-487F-96DA-DEDA3C53C974}
		{09041626-B817-4DAF-BA3D-E3DAAC5C1197} = {8FE4248D-05FE-45C8-A0A1-AEEB75B26652}
		{C8C9100B-6830-43B3-BEE5-6F061BF856B1} = {09041626-B817-4DAF-BA3D-E3DAAC5C1197}
		{0AB91085-DC3D-4F66-BF55-60BA7BAE625A} = {09041626-B817-4DAF-BA3D-E3DAAC5C1197}
		{E67387C3-0A3F-4D3C-A3E7-E03467226EE3} = {8FE4248D-05FE-45C8-A0A1-AEEB75B26652}
		{E9EA861F-ECA1-4D98-A39B-43854FD45038} = {E67387C3-0A3F-4D3C-A3E7-E03467226EE3}
		{B5C9D5F5-C593-42AD-BBCC-88A47DF84624} = {E67387C3-0A3F-4D3C-A3E7-E03467226EE3}
		{142EE103-837D-412F-97A8-4E7712EFE2BF} = {8FE4248D-05FE-45C8-A0A1-AEEB75B26652}
		{B85CEAB2-1581-4BA1-ACD1-027107984B7A} = {142EE103-837D-412F-97A8-4E7712EFE2BF}
		{E174EF3E-5FA1-49F2-BC59-38B3A6CA003E} = {142EE103-837D-412F-97A8-4E7712EFE2BF}
		{986BB53E-9F01-4D42-91FB-542F50CCB5EA} = {142EE103-837D-412F-97A8-4E7712EFE2BF}
		{AA1FD78D-E03C-45FA-ADA8-9DA6EA505ABB} = {142EE103-837D-412F-97A8-4E7712EFE2BF}
		{9FEECFF3-C3D6-487B-AF16-51AB8740AE50} = {8FE4248D-05FE-45C8-A0A1-AEEB75B26652}
		{47279D03-F419-4955-A91B-0EAC0D2DF2C6} = {9FEECFF3-C3D6-487B-AF16-51AB8740AE50}
		{C9AFFBA2-D30C-4E7E-997B-6DCA5F34B992} = {9FEECFF3-C3D6-487B-AF16-51AB8740AE50}
		{7F91D5CA-4FFA-449B-A9C7-48C4A06D1A54} = {30735996-7A8B-487F-96DA-DEDA3C53C974}
		{75433B7A-600A-475E-8664-EFC2F8DAF70C} = {30735996-7A8B-487F-96DA-DEDA3C53C974}
		{F8470B71-B1ED-45D1-9401-C7349E5E429D} = {1AF9F424-B3AB-4BDA-814C-6EAEAB8AF7A7}
		{A5530742-D7F2-44A8-8DA4-E3FDE9BCFD50} = {30735996-7A8B-487F-96DA-DEDA3C53C974}
		{F3CE2A82-D6F6-41EC-BD25-985D2D58C755} = {30735996-7A8B-487F-96DA-DEDA3C53C974}
		{82814270-2370-4D30-B7A8-6EDAC7EACDD7} = {8FE4248D-05FE-45C8-A0A1-AEEB75B26652}
		{0437829D-68EC-4E5E-9505-CC965A5F12B2} = {82814270-2370-4D30-B7A8-6EDAC7EACDD7}
		{AA71633D-34DF-4F28-8B57-4C718EB78398} = {1AF9F424-B3AB-4BDA-814C-6EAEAB8AF7A7}
		{337D8C43-BC4F-48FA-9970-C6252D926DD9} = {1AF9F424-B3AB-4BDA-814C-6EAEAB8AF7A7}
		{0490588F-ECAC-472F-8E3E-51A84DFF7B8C} = {8FE4248D-05FE-45C8-A0A1-AEEB75B26652}
		{AA4EF4C8-FEF2-48DA-967A-CBDCC9F2A9B2} = {0490588F-ECAC-472F-8E3E-51A84DFF7B8C}
		{A9A7AF46-7BAE-4055-A234-25C69411AF69} = {0490588F-ECAC-472F-8E3E-51A84DFF7B8C}
		{AABB232A-97E8-4B3D-B998-2230947FECE2} = {30735996-7A8B-487F-96DA-DEDA3C53C974}
		{581D12C1-A1A4-4B88-AAA5-25636FDB3723} = {30735996-7A8B-487F-96DA-DEDA3C53C974}
		{44CE27B9-9DCE-4C49-8BC9-6CD75400B61C} = {E902B55E-CB5E-47C5-9ADC-48114EAB5911}
		{90F43B55-BB6C-4678-85ED-9C27F3CB105B} = {E902B55E-CB5E-47C5-9ADC-48114EAB5911}
		{53ED30EC-AFE8-4BA7-9CE3-58D516C07E47} = {30735996-7A8B-487F-96DA-DEDA3C53C974}
		{A0913376-A4DC-4706-AE2D-61B01E711E47} = {30735996-7A8B-487F-96DA-DEDA3C53C974}
		{63DA0D34-834C-4304-8556-530C147335FE} = {82814270-2370-4D30-B7A8-6EDAC7EACDD7}
		{6279DBF6-7038-47C1-9EF5-C035AE59A447} = {30735996-7A8B-487F-96DA-DEDA3C53C974}
		{2AC7ED4D-AA00-4D26-AFAC-E550D2ADFDE9} = {30735996-7A8B-487F-96DA-DEDA3C53C974}
		{B6109558-2D79-44CF-8B95-3D4A2DD3F7E5} = {30735996-7A8B-487F-96DA-DEDA3C53C974}
		{6A23AC5C-2855-4B19-AB09-1541F00E3F4A} = {30735996-7A8B-487F-96DA-DEDA3C53C974}
		{939F1D15-40A9-4635-9BE2-33738ED08857} = {82814270-2370-4D30-B7A8-6EDAC7EACDD7}
		{51A7E7B2-6917-45BA-8C30-D29E5CAB1092} = {E902B55E-CB5E-47C5-9ADC-48114EAB5911}
		{43A7D9F4-0501-4C1F-8F6D-DA9C6D8A1D18} = {E902B55E-CB5E-47C5-9ADC-48114EAB5911}
		{69D8DC70-47B2-4E5D-B36B-07018726B3A8} = {E902B55E-CB5E-47C5-9ADC-48114EAB5911}
	EndGlobalSection
EndGlobal
